
Microsoft Visual Studio Solution File, Format Version 12.00
# Visual Studio Version 16
VisualStudioVersion = 16.0.29806.167
MinimumVisualStudioVersion = 10.0.40219.1
Project("{FAE04EC0-301F-11D3-BF4B-00C04F79EFBC}") = "Demo.Demian", "Demo.Demian.csproj", "{ADD70D30-5E29-4401-9958-6798F8A975C4}"
EndProject
Project("{FAE04EC0-301F-11D3-BF4B-00C04F79EFBC}") = "Demo.Data", "..\Demo.Data\Demo.Data.csproj", "{6A882856-404C-46EE-8DA8-0A9345535262}"
EndProject
Project("{FAE04EC0-301F-11D3-BF4B-00C04F79EFBC}") = "Demo.App", "..\Demo.App\Demo.App.csproj", "{6F71D7F7-347A-462C-BE26-3602EFD3457E}"
EndProject
Global
	GlobalSection(SolutionConfigurationPlatforms) = preSolution
		Debug|Any CPU = Debug|Any CPU
		Release|Any CPU = Release|Any CPU
	EndGlobalSection
	GlobalSection(ProjectConfigurationPlatforms) = postSolution
		{ADD70D30-5E29-4401-9958-6798F8A975C4}.Debug|Any CPU.ActiveCfg = Debug|Any CPU
		{ADD70D30-5E29-4401-9958-6798F8A975C4}.Debug|Any CPU.Build.0 = Debug|Any CPU
		{ADD70D30-5E29-4401-9958-6798F8A975C4}.Release|Any CPU.ActiveCfg = Release|Any CPU
		{ADD70D30-5E29-4401-9958-6798F8A975C4}.Release|Any CPU.Build.0 = Release|Any CPU
		{6A882856-404C-46EE-8DA8-0A9345535262}.Debug|Any CPU.ActiveCfg = Debug|Any CPU
		{6A882856-404C-46EE-8DA8-0A9345535262}.Debug|Any CPU.Build.0 = Debug|Any CPU
		{6A882856-404C-46EE-8DA8-0A9345535262}.Release|Any CPU.ActiveCfg = Release|Any CPU
		{6A882856-404C-46EE-8DA8-0A9345535262}.Release|Any CPU.Build.0 = Release|Any CPU
		{6F71D7F7-347A-462C-BE26-3602EFD3457E}.Debug|Any CPU.ActiveCfg = Debug|Any CPU
		{6F71D7F7-347A-462C-BE26-3602EFD3457E}.Debug|Any CPU.Build.0 = Debug|Any CPU
		{6F71D7F7-347A-462C-BE26-3602EFD3457E}.Release|Any CPU.ActiveCfg = Release|Any CPU
		{6F71D7F7-347A-462C-BE26-3602EFD3457E}.Release|Any CPU.Build.0 = Release|Any CPU
	EndGlobalSection
	GlobalSection(SolutionProperties) = preSolution
		HideSolutionNode = FALSE
	EndGlobalSection
	GlobalSection(ExtensibilityGlobals) = postSolution
		SolutionGuid = {5AFC4CB0-1CBE-46F9-8C34-D878CC94013B}
	EndGlobalSection
EndGlobal
